
Microsoft Visual Studio Solution File, Format Version 12.00
# Visual Studio Version 17
VisualStudioVersion = 17.7.34031.279
MinimumVisualStudioVersion = 10.0.40219.1
Project("{FAE04EC0-301F-11D3-BF4B-00C04F79EFBC}") = "ConsoleAppDop1H2ado", "ConsoleAppDop1H2ado.csproj", "{5C599161-B5E2-448F-A81D-DE51C8EF0F4F}"
EndProject
Global
	GlobalSection(SolutionConfigurationPlatforms) = preSolution
		Debug|Any CPU = Debug|Any CPU
		Release|Any CPU = Release|Any CPU
	EndGlobalSection
	GlobalSection(ProjectConfigurationPlatforms) = postSolution
		{5C599161-B5E2-448F-A81D-DE51C8EF0F4F}.Debug|Any CPU.ActiveCfg = Debug|Any CPU
		{5C599161-B5E2-448F-A81D-DE51C8EF0F4F}.Debug|Any CPU.Build.0 = Debug|Any CPU
		{5C599161-B5E2-448F-A81D-DE51C8EF0F4F}.Release|Any CPU.ActiveCfg = Release|Any CPU
		{5C599161-B5E2-448F-A81D-DE51C8EF0F4F}.Release|Any CPU.Build.0 = Release|Any CPU
	EndGlobalSection
	GlobalSection(SolutionProperties) = preSolution
		HideSolutionNode = FALSE
	EndGlobalSection
	GlobalSection(ExtensibilityGlobals) = postSolution
		SolutionGuid = {57A1E886-8FEC-4006-874C-F53BB1BA8990}
	EndGlobalSection
EndGlobal
